
Microsoft Visual Studio Solution File, Format Version 12.00
# Visual Studio Version 17
VisualStudioVersion = 17.3.32901.215
MinimumVisualStudioVersion = 10.0.40219.1
Project("{FAE04EC0-301F-11D3-BF4B-00C04F79EFBC}") = "task 4", "task 4\task 4.csproj", "{980250D0-B1D0-4061-ADC6-EDD1E75FF9FF}"
EndProject
Global
	GlobalSection(SolutionConfigurationPlatforms) = preSolution
		Debug|Any CPU = Debug|Any CPU
		Release|Any CPU = Release|Any CPU
	EndGlobalSection
	GlobalSection(ProjectConfigurationPlatforms) = postSolution
		{980250D0-B1D0-4061-ADC6-EDD1E75FF9FF}.Debug|Any CPU.ActiveCfg = Debug|Any CPU
		{980250D0-B1D0-4061-ADC6-EDD1E75FF9FF}.Debug|Any CPU.Build.0 = Debug|Any CPU
		{980250D0-B1D0-4061-ADC6-EDD1E75FF9FF}.Release|Any CPU.ActiveCfg = Release|Any CPU
		{980250D0-B1D0-4061-ADC6-EDD1E75FF9FF}.Release|Any CPU.Build.0 = Release|Any CPU
	EndGlobalSection
	GlobalSection(SolutionProperties) = preSolution
		HideSolutionNode = FALSE
	EndGlobalSection
	GlobalSection(ExtensibilityGlobals) = postSolution
		SolutionGuid = {E1293D4E-4FEA-4E21-ABC2-7214310A198D}
	EndGlobalSection
EndGlobal
