
Microsoft Visual Studio Solution File, Format Version 12.00
# Visual Studio Version 17
VisualStudioVersion = 17.3.32901.215
MinimumVisualStudioVersion = 10.0.40219.1
Project("{FAE04EC0-301F-11D3-BF4B-00C04F79EFBC}") = "testCase 1 example", "testCase 1 example\testCase 1 example.csproj", "{8E4998D0-AD91-43E3-8D28-FDB87212E007}"
EndProject
Global
	GlobalSection(SolutionConfigurationPlatforms) = preSolution
		Debug|Any CPU = Debug|Any CPU
		Release|Any CPU = Release|Any CPU
	EndGlobalSection
	GlobalSection(ProjectConfigurationPlatforms) = postSolution
		{8E4998D0-AD91-43E3-8D28-FDB87212E007}.Debug|Any CPU.ActiveCfg = Debug|Any CPU
		{8E4998D0-AD91-43E3-8D28-FDB87212E007}.Debug|Any CPU.Build.0 = Debug|Any CPU
		{8E4998D0-AD91-43E3-8D28-FDB87212E007}.Release|Any CPU.ActiveCfg = Release|Any CPU
		{8E4998D0-AD91-43E3-8D28-FDB87212E007}.Release|Any CPU.Build.0 = Release|Any CPU
	EndGlobalSection
	GlobalSection(SolutionProperties) = preSolution
		HideSolutionNode = FALSE
	EndGlobalSection
	GlobalSection(ExtensibilityGlobals) = postSolution
		SolutionGuid = {C43406B3-207E-4C02-90C6-6CAC9F234B07}
	EndGlobalSection
EndGlobal
