
Microsoft Visual Studio Solution File, Format Version 12.00
# Visual Studio Version 17
VisualStudioVersion = 17.3.32901.215
MinimumVisualStudioVersion = 10.0.40219.1
Project("{FAE04EC0-301F-11D3-BF4B-00C04F79EFBC}") = "topic 7 example", "topic 7 example\topic 7 example.csproj", "{2B056D73-84B3-406D-B8AD-FF1D4E672161}"
EndProject
Global
	GlobalSection(SolutionConfigurationPlatforms) = preSolution
		Debug|Any CPU = Debug|Any CPU
		Release|Any CPU = Release|Any CPU
	EndGlobalSection
	GlobalSection(ProjectConfigurationPlatforms) = postSolution
		{2B056D73-84B3-406D-B8AD-FF1D4E672161}.Debug|Any CPU.ActiveCfg = Debug|Any CPU
		{2B056D73-84B3-406D-B8AD-FF1D4E672161}.Debug|Any CPU.Build.0 = Debug|Any CPU
		{2B056D73-84B3-406D-B8AD-FF1D4E672161}.Release|Any CPU.ActiveCfg = Release|Any CPU
		{2B056D73-84B3-406D-B8AD-FF1D4E672161}.Release|Any CPU.Build.0 = Release|Any CPU
	EndGlobalSection
	GlobalSection(SolutionProperties) = preSolution
		HideSolutionNode = FALSE
	EndGlobalSection
	GlobalSection(ExtensibilityGlobals) = postSolution
		SolutionGuid = {77D8A89E-0E03-4DFE-8DCE-AA73E765486D}
	EndGlobalSection
EndGlobal
