
Microsoft Visual Studio Solution File, Format Version 12.00
# Visual Studio Version 17
VisualStudioVersion = 17.3.32901.215
MinimumVisualStudioVersion = 10.0.40219.1
Project("{FAE04EC0-301F-11D3-BF4B-00C04F79EFBC}") = "topic 8 example 2", "topic 8 example 2\topic 8 example 2.csproj", "{A3147DD0-57FA-4545-AB17-04DAD089BACC}"
EndProject
Global
	GlobalSection(SolutionConfigurationPlatforms) = preSolution
		Debug|Any CPU = Debug|Any CPU
		Release|Any CPU = Release|Any CPU
	EndGlobalSection
	GlobalSection(ProjectConfigurationPlatforms) = postSolution
		{A3147DD0-57FA-4545-AB17-04DAD089BACC}.Debug|Any CPU.ActiveCfg = Debug|Any CPU
		{A3147DD0-57FA-4545-AB17-04DAD089BACC}.Debug|Any CPU.Build.0 = Debug|Any CPU
		{A3147DD0-57FA-4545-AB17-04DAD089BACC}.Release|Any CPU.ActiveCfg = Release|Any CPU
		{A3147DD0-57FA-4545-AB17-04DAD089BACC}.Release|Any CPU.Build.0 = Release|Any CPU
	EndGlobalSection
	GlobalSection(SolutionProperties) = preSolution
		HideSolutionNode = FALSE
	EndGlobalSection
	GlobalSection(ExtensibilityGlobals) = postSolution
		SolutionGuid = {AD443A60-3CE2-485E-8856-66DA2D22CDF1}
	EndGlobalSection
EndGlobal
